// !$*UTF8*$!
{
	archiveVersion = 1;
	classes = {
	};
	objectVersion = 50;
	objects = {

/* Begin PBXBuildFile section */
		7E27501D242A7FB700E2687D /* AppDelegate.swift in Sources */ = {isa = PBXBuildFile; fileRef = 7E27501C242A7FB700E2687D /* AppDelegate.swift */; };
		7E27501F242A7FB700E2687D /* SceneDelegate.swift in Sources */ = {isa = PBXBuildFile; fileRef = 7E27501E242A7FB700E2687D /* SceneDelegate.swift */; };
		7E275021242A7FB700E2687D /* ContentView.swift in Sources */ = {isa = PBXBuildFile; fileRef = 7E275020242A7FB700E2687D /* ContentView.swift */; };
		7E275023242A7FB800E2687D /* Assets.xcassets in Resources */ = {isa = PBXBuildFile; fileRef = 7E275022242A7FB800E2687D /* Assets.xcassets */; };
		7E275026242A7FB800E2687D /* Preview Assets.xcassets in Resources */ = {isa = PBXBuildFile; fileRef = 7E275025242A7FB800E2687D /* Preview Assets.xcassets */; };
		7E275029242A7FB800E2687D /* LaunchScreen.storyboard in Resources */ = {isa = PBXBuildFile; fileRef = 7E275027242A7FB800E2687D /* LaunchScreen.storyboard */; };
		7E275034242A7FB800E2687D /* BarBouncedTests.swift in Sources */ = {isa = PBXBuildFile; fileRef = 7E275033242A7FB800E2687D /* BarBouncedTests.swift */; };
		7E27503F242A7FB800E2687D /* BarBouncedUITests.swift in Sources */ = {isa = PBXBuildFile; fileRef = 7E27503E242A7FB800E2687D /* BarBouncedUITests.swift */; };
/* End PBXBuildFile section */

/* Begin PBXContainerItemProxy section */
		7E275030242A7FB800E2687D /* PBXContainerItemProxy */ = {
			isa = PBXContainerItemProxy;
			containerPortal = 7E275011242A7FB700E2687D /* Project object */;
			proxyType = 1;
			remoteGlobalIDString = 7E275018242A7FB700E2687D;
			remoteInfo = BarBounced;
		};
		7E27503B242A7FB800E2687D /* PBXContainerItemProxy */ = {
			isa = PBXContainerItemProxy;
			containerPortal = 7E275011242A7FB700E2687D /* Project object */;
			proxyType = 1;
			remoteGlobalIDString = 7E275018242A7FB700E2687D;
			remoteInfo = BarBounced;
		};
/* End PBXContainerItemProxy section */

/* Begin PBXFileReference section */
		7E275019242A7FB700E2687D /* BarBounced.app */ = {isa = PBXFileReference; explicitFileType = wrapper.application; includeInIndex = 0; path = BarBounced.app; sourceTree = BUILT_PRODUCTS_DIR; };
		7E27501C242A7FB700E2687D /* AppDelegate.swift */ = {isa = PBXFileReference; lastKnownFileType = sourcecode.swift; path = AppDelegate.swift; sourceTree = "<group>"; };
		7E27501E242A7FB700E2687D /* SceneDelegate.swift */ = {isa = PBXFileReference; lastKnownFileType = sourcecode.swift; path = SceneDelegate.swift; sourceTree = "<group>"; };
		7E275020242A7FB700E2687D /* ContentView.swift */ = {isa = PBXFileReference; fileEncoding = 4; lastKnownFileType = sourcecode.swift; path = ContentView.swift; sourceTree = "<group>"; };
		7E275022242A7FB800E2687D /* Assets.xcassets */ = {isa = PBXFileReference; lastKnownFileType = folder.assetcatalog; path = Assets.xcassets; sourceTree = "<group>"; };
		7E275025242A7FB800E2687D /* Preview Assets.xcassets */ = {isa = PBXFileReference; lastKnownFileType = folder.assetcatalog; path = "Preview Assets.xcassets"; sourceTree = "<group>"; };
		7E275028242A7FB800E2687D /* Base */ = {isa = PBXFileReference; lastKnownFileType = file.storyboard; name = Base; path = Base.lproj/LaunchScreen.storyboard; sourceTree = "<group>"; };
		7E27502A242A7FB800E2687D /* Info.plist */ = {isa = PBXFileReference; lastKnownFileType = text.plist.xml; path = Info.plist; sourceTree = "<group>"; };
		7E27502F242A7FB800E2687D /* BarBouncedTests.xctest */ = {isa = PBXFileReference; explicitFileType = wrapper.cfbundle; includeInIndex = 0; path = BarBouncedTests.xctest; sourceTree = BUILT_PRODUCTS_DIR; };
		7E275033242A7FB800E2687D /* BarBouncedTests.swift */ = {isa = PBXFileReference; lastKnownFileType = sourcecode.swift; path = BarBouncedTests.swift; sourceTree = "<group>"; };
		7E275035242A7FB800E2687D /* Info.plist */ = {isa = PBXFileReference; lastKnownFileType = text.plist.xml; path = Info.plist; sourceTree = "<group>"; };
		7E27503A242A7FB800E2687D /* BarBouncedUITests.xctest */ = {isa = PBXFileReference; explicitFileType = wrapper.cfbundle; includeInIndex = 0; path = BarBouncedUITests.xctest; sourceTree = BUILT_PRODUCTS_DIR; };
		7E27503E242A7FB800E2687D /* BarBouncedUITests.swift */ = {isa = PBXFileReference; lastKnownFileType = sourcecode.swift; path = BarBouncedUITests.swift; sourceTree = "<group>"; };
		7E275040242A7FB800E2687D /* Info.plist */ = {isa = PBXFileReference; lastKnownFileType = text.plist.xml; path = Info.plist; sourceTree = "<group>"; };
/* End PBXFileReference section */

/* Begin PBXFrameworksBuildPhase section */
		7E275016242A7FB700E2687D /* Frameworks */ = {
			isa = PBXFrameworksBuildPhase;
			buildActionMask = 2147483647;
			files = (
			);
			runOnlyForDeploymentPostprocessing = 0;
		};
		7E27502C242A7FB800E2687D /* Frameworks */ = {
			isa = PBXFrameworksBuildPhase;
			buildActionMask = 2147483647;
			files = (
			);
			runOnlyForDeploymentPostprocessing = 0;
		};
		7E275037242A7FB800E2687D /* Frameworks */ = {
			isa = PBXFrameworksBuildPhase;
			buildActionMask = 2147483647;
			files = (
			);
			runOnlyForDeploymentPostprocessing = 0;
		};
/* End PBXFrameworksBuildPhase section */

/* Begin PBXGroup section */
		7E275010242A7FB700E2687D = {
			isa = PBXGroup;
			children = (
				7E27501B242A7FB700E2687D /* BarBounced */,
				7E275032242A7FB800E2687D /* BarBouncedTests */,
				7E27503D242A7FB800E2687D /* BarBouncedUITests */,
				7E27501A242A7FB700E2687D /* Products */,
			);
			sourceTree = "<group>";
		};
		7E27501A242A7FB700E2687D /* Products */ = {
			isa = PBXGroup;
			children = (
				7E275019242A7FB700E2687D /* BarBounced.app */,
				7E27502F242A7FB800E2687D /* BarBouncedTests.xctest */,
				7E27503A242A7FB800E2687D /* BarBouncedUITests.xctest */,
			);
			name = Products;
			sourceTree = "<group>";
		};
		7E27501B242A7FB700E2687D /* BarBounced */ = {
			isa = PBXGroup;
			children = (
				7E27501C242A7FB700E2687D /* AppDelegate.swift */,
				7E27501E242A7FB700E2687D /* SceneDelegate.swift */,
				7E275020242A7FB700E2687D /* ContentView.swift */,
				7E275022242A7FB800E2687D /* Assets.xcassets */,
				7E275027242A7FB800E2687D /* LaunchScreen.storyboard */,
				7E27502A242A7FB800E2687D /* Info.plist */,
				7E275024242A7FB800E2687D /* Preview Content */,
			);
			path = BarBounced;
			sourceTree = "<group>";
		};
		7E275024242A7FB800E2687D /* Preview Content */ = {
			isa = PBXGroup;
			children = (
				7E275025242A7FB800E2687D /* Preview Assets.xcassets */,
			);
			path = "Preview Content";
			sourceTree = "<group>";
		};
		7E275032242A7FB800E2687D /* BarBouncedTests */ = {
			isa = PBXGroup;
			children = (
				7E275033242A7FB800E2687D /* BarBouncedTests.swift */,
				7E275035242A7FB800E2687D /* Info.plist */,
			);
			path = BarBouncedTests;
			sourceTree = "<group>";
		};
		7E27503D242A7FB800E2687D /* BarBouncedUITests */ = {
			isa = PBXGroup;
			children = (
				7E27503E242A7FB800E2687D /* BarBouncedUITests.swift */,
				7E275040242A7FB800E2687D /* Info.plist */,
			);
			path = BarBouncedUITests;
			sourceTree = "<group>";
		};
/* End PBXGroup section */

/* Begin PBXNativeTarget section */
		7E275018242A7FB700E2687D /* BarBounced */ = {
			isa = PBXNativeTarget;
			buildConfigurationList = 7E275043242A7FB800E2687D /* Build configuration list for PBXNativeTarget "BarBounced" */;
			buildPhases = (
				7E275015242A7FB700E2687D /* Sources */,
				7E275016242A7FB700E2687D /* Frameworks */,
				7E275017242A7FB700E2687D /* Resources */,
			);
			buildRules = (
			);
			dependencies = (
			);
			name = BarBounced;
			productName = BarBounced;
			productReference = 7E275019242A7FB700E2687D /* BarBounced.app */;
			productType = "com.apple.product-type.application";
		};
		7E27502E242A7FB800E2687D /* BarBouncedTests */ = {
			isa = PBXNativeTarget;
			buildConfigurationList = 7E275046242A7FB800E2687D /* Build configuration list for PBXNativeTarget "BarBouncedTests" */;
			buildPhases = (
				7E27502B242A7FB800E2687D /* Sources */,
				7E27502C242A7FB800E2687D /* Frameworks */,
				7E27502D242A7FB800E2687D /* Resources */,
			);
			buildRules = (
			);
			dependencies = (
				7E275031242A7FB800E2687D /* PBXTargetDependency */,
			);
			name = BarBouncedTests;
			productName = BarBouncedTests;
			productReference = 7E27502F242A7FB800E2687D /* BarBouncedTests.xctest */;
			productType = "com.apple.product-type.bundle.unit-test";
		};
		7E275039242A7FB800E2687D /* BarBouncedUITests */ = {
			isa = PBXNativeTarget;
			buildConfigurationList = 7E275049242A7FB800E2687D /* Build configuration list for PBXNativeTarget "BarBouncedUITests" */;
			buildPhases = (
				7E275036242A7FB800E2687D /* Sources */,
				7E275037242A7FB800E2687D /* Frameworks */,
				7E275038242A7FB800E2687D /* Resources */,
			);
			buildRules = (
			);
			dependencies = (
				7E27503C242A7FB800E2687D /* PBXTargetDependency */,
			);
			name = BarBouncedUITests;
			productName = BarBouncedUITests;
			productReference = 7E27503A242A7FB800E2687D /* BarBouncedUITests.xctest */;
			productType = "com.apple.product-type.bundle.ui-testing";
		};
/* End PBXNativeTarget section */

/* Begin PBXProject section */
		7E275011242A7FB700E2687D /* Project object */ = {
			isa = PBXProject;
			attributes = {
				LastSwiftUpdateCheck = 1130;
				LastUpgradeCheck = 1130;
				ORGANIZATIONNAME = "Sean Carnahan";
				TargetAttributes = {
					7E275018242A7FB700E2687D = {
						CreatedOnToolsVersion = 11.3.1;
					};
					7E27502E242A7FB800E2687D = {
						CreatedOnToolsVersion = 11.3.1;
						TestTargetID = 7E275018242A7FB700E2687D;
					};
					7E275039242A7FB800E2687D = {
						CreatedOnToolsVersion = 11.3.1;
						TestTargetID = 7E275018242A7FB700E2687D;
					};
				};
			};
			buildConfigurationList = 7E275014242A7FB700E2687D /* Build configuration list for PBXProject "BarBounced" */;
			compatibilityVersion = "Xcode 9.3";
			developmentRegion = en;
			hasScannedForEncodings = 0;
			knownRegions = (
				en,
				Base,
			);
			mainGroup = 7E275010242A7FB700E2687D;
			productRefGroup = 7E27501A242A7FB700E2687D /* Products */;
			projectDirPath = "";
			projectRoot = "";
			targets = (
				7E275018242A7FB700E2687D /* BarBounced */,
				7E27502E242A7FB800E2687D /* BarBouncedTests */,
				7E275039242A7FB800E2687D /* BarBouncedUITests */,
			);
		};
/* End PBXProject section */

/* Begin PBXResourcesBuildPhase section */
		7E275017242A7FB700E2687D /* Resources */ = {
			isa = PBXResourcesBuildPhase;
			buildActionMask = 2147483647;
			files = (
				7E275029242A7FB800E2687D /* LaunchScreen.storyboard in Resources */,
				7E275026242A7FB800E2687D /* Preview Assets.xcassets in Resources */,
				7E275023242A7FB800E2687D /* Assets.xcassets in Resources */,
			);
			runOnlyForDeploymentPostprocessing = 0;
		};
		7E27502D242A7FB800E2687D /* Resources */ = {
			isa = PBXResourcesBuildPhase;
			buildActionMask = 2147483647;
			files = (
			);
			runOnlyForDeploymentPostprocessing = 0;
		};
		7E275038242A7FB800E2687D /* Resources */ = {
			isa = PBXResourcesBuildPhase;
			buildActionMask = 2147483647;
			files = (
			);
			runOnlyForDeploymentPostprocessing = 0;
		};
/* End PBXResourcesBuildPhase section */

/* Begin PBXSourcesBuildPhase section */
		7E275015242A7FB700E2687D /* Sources */ = {
			isa = PBXSourcesBuildPhase;
			buildActionMask = 2147483647;
			files = (
				7E27501D242A7FB700E2687D /* AppDelegate.swift in Sources */,
				7E27501F242A7FB700E2687D /* SceneDelegate.swift in Sources */,
				7E275021242A7FB700E2687D /* ContentView.swift in Sources */,
			);
			runOnlyForDeploymentPostprocessing = 0;
		};
		7E27502B242A7FB800E2687D /* Sources */ = {
			isa = PBXSourcesBuildPhase;
			buildActionMask = 2147483647;
			files = (
				7E275034242A7FB800E2687D /* BarBouncedTests.swift in Sources */,
			);
			runOnlyForDeploymentPostprocessing = 0;
		};
		7E275036242A7FB800E2687D /* Sources */ = {
			isa = PBXSourcesBuildPhase;
			buildActionMask = 2147483647;
			files = (
				7E27503F242A7FB800E2687D /* BarBouncedUITests.swift in Sources */,
			);
			runOnlyForDeploymentPostprocessing = 0;
		};
/* End PBXSourcesBuildPhase section */

/* Begin PBXTargetDependency section */
		7E275031242A7FB800E2687D /* PBXTargetDependency */ = {
			isa = PBXTargetDependency;
			target = 7E275018242A7FB700E2687D /* BarBounced */;
			targetProxy = 7E275030242A7FB800E2687D /* PBXContainerItemProxy */;
		};
		7E27503C242A7FB800E2687D /* PBXTargetDependency */ = {
			isa = PBXTargetDependency;
			target = 7E275018242A7FB700E2687D /* BarBounced */;
			targetProxy = 7E27503B242A7FB800E2687D /* PBXContainerItemProxy */;
		};
/* End PBXTargetDependency section */

/* Begin PBXVariantGroup section */
		7E275027242A7FB800E2687D /* LaunchScreen.storyboard */ = {
			isa = PBXVariantGroup;
			children = (
				7E275028242A7FB800E2687D /* Base */,
			);
			name = LaunchScreen.storyboard;
			sourceTree = "<group>";
		};
/* End PBXVariantGroup section */

/* Begin XCBuildConfiguration section */
		7E275041242A7FB800E2687D /* Debug */ = {
			isa = XCBuildConfiguration;
			buildSettings = {
				ALWAYS_SEARCH_USER_PATHS = NO;
				CLANG_ANALYZER_NONNULL = YES;
				CLANG_ANALYZER_NUMBER_OBJECT_CONVERSION = YES_AGGRESSIVE;
				CLANG_CXX_LANGUAGE_STANDARD = "gnu++14";
				CLANG_CXX_LIBRARY = "libc++";
				CLANG_ENABLE_MODULES = YES;
				CLANG_ENABLE_OBJC_ARC = YES;
				CLANG_ENABLE_OBJC_WEAK = YES;
				CLANG_WARN_BLOCK_CAPTURE_AUTORELEASING = YES;
				CLANG_WARN_BOOL_CONVERSION = YES;
				CLANG_WARN_COMMA = YES;
				CLANG_WARN_CONSTANT_CONVERSION = YES;
				CLANG_WARN_DEPRECATED_OBJC_IMPLEMENTATIONS = YES;
				CLANG_WARN_DIRECT_OBJC_ISA_USAGE = YES_ERROR;
				CLANG_WARN_DOCUMENTATION_COMMENTS = YES;
				CLANG_WARN_EMPTY_BODY = YES;
				CLANG_WARN_ENUM_CONVERSION = YES;
				CLANG_WARN_INFINITE_RECURSION = YES;
				CLANG_WARN_INT_CONVERSION = YES;
				CLANG_WARN_NON_LITERAL_NULL_CONVERSION = YES;
				CLANG_WARN_OBJC_IMPLICIT_RETAIN_SELF = YES;
				CLANG_WARN_OBJC_LITERAL_CONVERSION = YES;
				CLANG_WARN_OBJC_ROOT_CLASS = YES_ERROR;
				CLANG_WARN_RANGE_LOOP_ANALYSIS = YES;
				CLANG_WARN_STRICT_PROTOTYPES = YES;
				CLANG_WARN_SUSPICIOUS_MOVE = YES;
				CLANG_WARN_UNGUARDED_AVAILABILITY = YES_AGGRESSIVE;
				CLANG_WARN_UNREACHABLE_CODE = YES;
				CLANG_WARN__DUPLICATE_METHOD_MATCH = YES;
				COPY_PHASE_STRIP = NO;
				DEBUG_INFORMATION_FORMAT = dwarf;
				ENABLE_STRICT_OBJC_MSGSEND = YES;
				ENABLE_TESTABILITY = YES;
				GCC_C_LANGUAGE_STANDARD = gnu11;
				GCC_DYNAMIC_NO_PIC = NO;
				GCC_NO_COMMON_BLOCKS = YES;
				GCC_OPTIMIZATION_LEVEL = 0;
				GCC_PREPROCESSOR_DEFINITIONS = (
					"DEBUG=1",
					"$(inherited)",
				);
				GCC_WARN_64_TO_32_BIT_CONVERSION = YES;
				GCC_WARN_ABOUT_RETURN_TYPE = YES_ERROR;
				GCC_WARN_UNDECLARED_SELECTOR = YES;
				GCC_WARN_UNINITIALIZED_AUTOS = YES_AGGRESSIVE;
				GCC_WARN_UNUSED_FUNCTION = YES;
				GCC_WARN_UNUSED_VARIABLE = YES;
				IPHONEOS_DEPLOYMENT_TARGET = 13.2;
				MTL_ENABLE_DEBUG_INFO = INCLUDE_SOURCE;
				MTL_FAST_MATH = YES;
				ONLY_ACTIVE_ARCH = YES;
				SDKROOT = iphoneos;
				SWIFT_ACTIVE_COMPILATION_CONDITIONS = DEBUG;
				SWIFT_OPTIMIZATION_LEVEL = "-Onone";
			};
			name = Debug;
		};
		7E275042242A7FB800E2687D /* Release */ = {
			isa = XCBuildConfiguration;
			buildSettings = {
				ALWAYS_SEARCH_USER_PATHS = NO;
				CLANG_ANALYZER_NONNULL = YES;
				CLANG_ANALYZER_NUMBER_OBJECT_CONVERSION = YES_AGGRESSIVE;
				CLANG_CXX_LANGUAGE_STANDARD = "gnu++14";
				CLANG_CXX_LIBRARY = "libc++";
				CLANG_ENABLE_MODULES = YES;
				CLANG_ENABLE_OBJC_ARC = YES;
				CLANG_ENABLE_OBJC_WEAK = YES;
				CLANG_WARN_BLOCK_CAPTURE_AUTORELEASING = YES;
				CLANG_WARN_BOOL_CONVERSION = YES;
				CLANG_WARN_COMMA = YES;
				CLANG_WARN_CONSTANT_CONVERSION = YES;
				CLANG_WARN_DEPRECATED_OBJC_IMPLEMENTATIONS = YES;
				CLANG_WARN_DIRECT_OBJC_ISA_USAGE = YES_ERROR;
				CLANG_WARN_DOCUMENTATION_COMMENTS = YES;
				CLANG_WARN_EMPTY_BODY = YES;
				CLANG_WARN_ENUM_CONVERSION = YES;
				CLANG_WARN_INFINITE_RECURSION = YES;
				CLANG_WARN_INT_CONVERSION = YES;
				CLANG_WARN_NON_LITERAL_NULL_CONVERSION = YES;
				CLANG_WARN_OBJC_IMPLICIT_RETAIN_SELF = YES;
				CLANG_WARN_OBJC_LITERAL_CONVERSION = YES;
				CLANG_WARN_OBJC_ROOT_CLASS = YES_ERROR;
				CLANG_WARN_RANGE_LOOP_ANALYSIS = YES;
				CLANG_WARN_STRICT_PROTOTYPES = YES;
				CLANG_WARN_SUSPICIOUS_MOVE = YES;
				CLANG_WARN_UNGUARDED_AVAILABILITY = YES_AGGRESSIVE;
				CLANG_WARN_UNREACHABLE_CODE = YES;
				CLANG_WARN__DUPLICATE_METHOD_MATCH = YES;
				COPY_PHASE_STRIP = NO;
				DEBUG_INFORMATION_FORMAT = "dwarf-with-dsym";
				ENABLE_NS_ASSERTIONS = NO;
				ENABLE_STRICT_OBJC_MSGSEND = YES;
				GCC_C_LANGUAGE_STANDARD = gnu11;
				GCC_NO_COMMON_BLOCKS = YES;
				GCC_WARN_64_TO_32_BIT_CONVERSION = YES;
				GCC_WARN_ABOUT_RETURN_TYPE = YES_ERROR;
				GCC_WARN_UNDECLARED_SELECTOR = YES;
				GCC_WARN_UNINITIALIZED_AUTOS = YES_AGGRESSIVE;
				GCC_WARN_UNUSED_FUNCTION = YES;
				GCC_WARN_UNUSED_VARIABLE = YES;
				IPHONEOS_DEPLOYMENT_TARGET = 13.2;
				MTL_ENABLE_DEBUG_INFO = NO;
				MTL_FAST_MATH = YES;
				SDKROOT = iphoneos;
				SWIFT_COMPILATION_MODE = wholemodule;
				SWIFT_OPTIMIZATION_LEVEL = "-O";
				VALIDATE_PRODUCT = YES;
			};
			name = Release;
		};
		7E275044242A7FB800E2687D /* Debug */ = {
			isa = XCBuildConfiguration;
			buildSettings = {
				ASSETCATALOG_COMPILER_APPICON_NAME = AppIcon;
				CODE_SIGN_STYLE = Automatic;
				DEVELOPMENT_ASSET_PATHS = "\"BarBounced/Preview Content\"";
				ENABLE_PREVIEWS = YES;
				INFOPLIST_FILE = BarBounced/Info.plist;
				LD_RUNPATH_SEARCH_PATHS = (
					"$(inherited)",
					"@executable_path/Frameworks",
				);
				PRODUCT_BUNDLE_IDENTIFIER = com.trashedGames.BarBounced;
				PRODUCT_NAME = "$(TARGET_NAME)";
				SWIFT_VERSION = 5.0;
				TARGETED_DEVICE_FAMILY = "1,2";
			};
			name = Debug;
		};
		7E275045242A7FB800E2687D /* Release */ = {
			isa = XCBuildConfiguration;
			buildSettings = {
				ASSETCATALOG_COMPILER_APPICON_NAME = AppIcon;
				CODE_SIGN_STYLE = Automatic;
				DEVELOPMENT_ASSET_PATHS = "\"BarBounced/Preview Content\"";
				ENABLE_PREVIEWS = YES;
				INFOPLIST_FILE = BarBounced/Info.plist;
				LD_RUNPATH_SEARCH_PATHS = (
					"$(inherited)",
					"@executable_path/Frameworks",
				);
				PRODUCT_BUNDLE_IDENTIFIER = com.trashedGames.BarBounced;
				PRODUCT_NAME = "$(TARGET_NAME)";
				SWIFT_VERSION = 5.0;
				TARGETED_DEVICE_FAMILY = "1,2";
			};
			name = Release;
		};
		7E275047242A7FB800E2687D /* Debug */ = {
			isa = XCBuildConfiguration;
			buildSettings = {
				ALWAYS_EMBED_SWIFT_STANDARD_LIBRARIES = YES;
				BUNDLE_LOADER = "$(TEST_HOST)";
				CODE_SIGN_STYLE = Automatic;
				INFOPLIST_FILE = BarBouncedTests/Info.plist;
				IPHONEOS_DEPLOYMENT_TARGET = 13.2;
				LD_RUNPATH_SEARCH_PATHS = (
					"$(inherited)",
					"@executable_path/Frameworks",
					"@loader_path/Frameworks",
				);
				PRODUCT_BUNDLE_IDENTIFIER = com.trashedGames.BarBouncedTests;
				PRODUCT_NAME = "$(TARGET_NAME)";
				SWIFT_VERSION = 5.0;
				TARGETED_DEVICE_FAMILY = "1,2";
				TEST_HOST = "$(BUILT_PRODUCTS_DIR)/BarBounced.app/BarBounced";
			};
			name = Debug;
		};
		7E275048242A7FB800E2687D /* Release */ = {
			isa = XCBuildConfiguration;
			buildSettings = {
				ALWAYS_EMBED_SWIFT_STANDARD_LIBRARIES = YES;
				BUNDLE_LOADER = "$(TEST_HOST)";
				CODE_SIGN_STYLE = Automatic;
				INFOPLIST_FILE = BarBouncedTests/Info.plist;
				IPHONEOS_DEPLOYMENT_TARGET = 13.2;
				LD_RUNPATH_SEARCH_PATHS = (
					"$(inherited)",
					"@executable_path/Frameworks",
					"@loader_path/Frameworks",
				);
				PRODUCT_BUNDLE_IDENTIFIER = com.trashedGames.BarBouncedTests;
				PRODUCT_NAME = "$(TARGET_NAME)";
				SWIFT_VERSION = 5.0;
				TARGETED_DEVICE_FAMILY = "1,2";
				TEST_HOST = "$(BUILT_PRODUCTS_DIR)/BarBounced.app/BarBounced";
			};
			name = Release;
		};
		7E27504A242A7FB800E2687D /* Debug */ = {
			isa = XCBuildConfiguration;
			buildSettings = {
				ALWAYS_EMBED_SWIFT_STANDARD_LIBRARIES = YES;
				CODE_SIGN_STYLE = Automatic;
				INFOPLIST_FILE = BarBouncedUITests/Info.plist;
				LD_RUNPATH_SEARCH_PATHS = (
					"$(inherited)",
					"@executable_path/Frameworks",
					"@loader_path/Frameworks",
				);
				PRODUCT_BUNDLE_IDENTIFIER = com.trashedGames.BarBouncedUITests;
				PRODUCT_NAME = "$(TARGET_NAME)";
				SWIFT_VERSION = 5.0;
				TARGETED_DEVICE_FAMILY = "1,2";
				TEST_TARGET_NAME = BarBounced;
			};
			name = Debug;
		};
		7E27504B242A7FB800E2687D /* Release */ = {
			isa = XCBuildConfiguration;
			buildSettings = {
				ALWAYS_EMBED_SWIFT_STANDARD_LIBRARIES = YES;
				CODE_SIGN_STYLE = Automatic;
				INFOPLIST_FILE = BarBouncedUITests/Info.plist;
				LD_RUNPATH_SEARCH_PATHS = (
					"$(inherited)",
					"@executable_path/Frameworks",
					"@loader_path/Frameworks",
				);
				PRODUCT_BUNDLE_IDENTIFIER = com.trashedGames.BarBouncedUITests;
				PRODUCT_NAME = "$(TARGET_NAME)";
				SWIFT_VERSION = 5.0;
				TARGETED_DEVICE_FAMILY = "1,2";
				TEST_TARGET_NAME = BarBounced;
			};
			name = Release;
		};
/* End XCBuildConfiguration section */

/* Begin XCConfigurationList section */
		7E275014242A7FB700E2687D /* Build configuration list for PBXProject "BarBounced" */ = {
			isa = XCConfigurationList;
			buildConfigurations = (
				7E275041242A7FB800E2687D /* Debug */,
				7E275042242A7FB800E2687D /* Release */,
			);
			defaultConfigurationIsVisible = 0;
			defaultConfigurationName = Release;
		};
		7E275043242A7FB800E2687D /* Build configuration list for PBXNativeTarget "BarBounced" */ = {
			isa = XCConfigurationList;
			buildConfigurations = (
				7E275044242A7FB800E2687D /* Debug */,
				7E275045242A7FB800E2687D /* Release */,
			);
			defaultConfigurationIsVisible = 0;
			defaultConfigurationName = Release;
		};
		7E275046242A7FB800E2687D /* Build configuration list for PBXNativeTarget "BarBouncedTests" */ = {
			isa = XCConfigurationList;
			buildConfigurations = (
				7E275047242A7FB800E2687D /* Debug */,
				7E275048242A7FB800E2687D /* Release */,
			);
			defaultConfigurationIsVisible = 0;
			defaultConfigurationName = Release;
		};
		7E275049242A7FB800E2687D /* Build configuration list for PBXNativeTarget "BarBouncedUITests" */ = {
			isa = XCConfigurationList;
			buildConfigurations = (
				7E27504A242A7FB800E2687D /* Debug */,
				7E27504B242A7FB800E2687D /* Release */,
			);
			defaultConfigurationIsVisible = 0;
			defaultConfigurationName = Release;
		};
/* End XCConfigurationList section */
	};
	rootObject = 7E275011242A7FB700E2687D /* Project object */;
}
