// !$*UTF8*$!
{
	archiveVersion = 1;
	classes = {
	};
	objectVersion = 50;
	objects = {

/* Begin PBXBuildFile section */
		7E275062242AD76600E2687D /* AppDelegate.swift in Sources */ = {isa = PBXBuildFile; fileRef = 7E275061242AD76600E2687D /* AppDelegate.swift */; };
		7E275064242AD76600E2687D /* SceneDelegate.swift in Sources */ = {isa = PBXBuildFile; fileRef = 7E275063242AD76600E2687D /* SceneDelegate.swift */; };
		7E275066242AD76600E2687D /* ViewController.swift in Sources */ = {isa = PBXBuildFile; fileRef = 7E275065242AD76600E2687D /* ViewController.swift */; };
		7E275069242AD76600E2687D /* Main.storyboard in Resources */ = {isa = PBXBuildFile; fileRef = 7E275067242AD76600E2687D /* Main.storyboard */; };
		7E27506B242AD76700E2687D /* Assets.xcassets in Resources */ = {isa = PBXBuildFile; fileRef = 7E27506A242AD76700E2687D /* Assets.xcassets */; };
		7E27506E242AD76700E2687D /* LaunchScreen.storyboard in Resources */ = {isa = PBXBuildFile; fileRef = 7E27506C242AD76700E2687D /* LaunchScreen.storyboard */; };
		7E275079242AD76700E2687D /* BarBouncedTests.swift in Sources */ = {isa = PBXBuildFile; fileRef = 7E275078242AD76700E2687D /* BarBouncedTests.swift */; };
		7E275084242AD76700E2687D /* BarBouncedUITests.swift in Sources */ = {isa = PBXBuildFile; fileRef = 7E275083242AD76700E2687D /* BarBouncedUITests.swift */; };
		7E3AC69924668D5F00C3F2F5 /* gameController.swift in Sources */ = {isa = PBXBuildFile; fileRef = 7E3AC69824668D5F00C3F2F5 /* gameController.swift */; };
		7E3AC69B24678F3000C3F2F5 /* PersonalityWarningVC.swift in Sources */ = {isa = PBXBuildFile; fileRef = 7E3AC69A24678F3000C3F2F5 /* PersonalityWarningVC.swift */; };
/* End PBXBuildFile section */

/* Begin PBXContainerItemProxy section */
		7E275075242AD76700E2687D /* PBXContainerItemProxy */ = {
			isa = PBXContainerItemProxy;
			containerPortal = 7E275056242AD76600E2687D /* Project object */;
			proxyType = 1;
			remoteGlobalIDString = 7E27505D242AD76600E2687D;
			remoteInfo = BarBounced;
		};
		7E275080242AD76700E2687D /* PBXContainerItemProxy */ = {
			isa = PBXContainerItemProxy;
			containerPortal = 7E275056242AD76600E2687D /* Project object */;
			proxyType = 1;
			remoteGlobalIDString = 7E27505D242AD76600E2687D;
			remoteInfo = BarBounced;
		};
/* End PBXContainerItemProxy section */

/* Begin PBXFileReference section */
		7E27505E242AD76600E2687D /* BarBounced.app */ = {isa = PBXFileReference; explicitFileType = wrapper.application; includeInIndex = 0; path = BarBounced.app; sourceTree = BUILT_PRODUCTS_DIR; };
		7E275061242AD76600E2687D /* AppDelegate.swift */ = {isa = PBXFileReference; lastKnownFileType = sourcecode.swift; path = AppDelegate.swift; sourceTree = "<group>"; };
		7E275063242AD76600E2687D /* SceneDelegate.swift */ = {isa = PBXFileReference; lastKnownFileType = sourcecode.swift; path = SceneDelegate.swift; sourceTree = "<group>"; };
		7E275065242AD76600E2687D /* ViewController.swift */ = {isa = PBXFileReference; lastKnownFileType = sourcecode.swift; path = ViewController.swift; sourceTree = "<group>"; };
		7E275068242AD76600E2687D /* Base */ = {isa = PBXFileReference; lastKnownFileType = file.storyboard; name = Base; path = Base.lproj/Main.storyboard; sourceTree = "<group>"; };
		7E27506A242AD76700E2687D /* Assets.xcassets */ = {isa = PBXFileReference; lastKnownFileType = folder.assetcatalog; path = Assets.xcassets; sourceTree = "<group>"; };
		7E27506D242AD76700E2687D /* Base */ = {isa = PBXFileReference; lastKnownFileType = file.storyboard; name = Base; path = Base.lproj/LaunchScreen.storyboard; sourceTree = "<group>"; };
		7E27506F242AD76700E2687D /* Info.plist */ = {isa = PBXFileReference; lastKnownFileType = text.plist.xml; path = Info.plist; sourceTree = "<group>"; };
		7E275074242AD76700E2687D /* BarBouncedTests.xctest */ = {isa = PBXFileReference; explicitFileType = wrapper.cfbundle; includeInIndex = 0; path = BarBouncedTests.xctest; sourceTree = BUILT_PRODUCTS_DIR; };
		7E275078242AD76700E2687D /* BarBouncedTests.swift */ = {isa = PBXFileReference; lastKnownFileType = sourcecode.swift; path = BarBouncedTests.swift; sourceTree = "<group>"; };
		7E27507A242AD76700E2687D /* Info.plist */ = {isa = PBXFileReference; lastKnownFileType = text.plist.xml; path = Info.plist; sourceTree = "<group>"; };
		7E27507F242AD76700E2687D /* BarBouncedUITests.xctest */ = {isa = PBXFileReference; explicitFileType = wrapper.cfbundle; includeInIndex = 0; path = BarBouncedUITests.xctest; sourceTree = BUILT_PRODUCTS_DIR; };
		7E275083242AD76700E2687D /* BarBouncedUITests.swift */ = {isa = PBXFileReference; lastKnownFileType = sourcecode.swift; path = BarBouncedUITests.swift; sourceTree = "<group>"; };
		7E275085242AD76700E2687D /* Info.plist */ = {isa = PBXFileReference; lastKnownFileType = text.plist.xml; path = Info.plist; sourceTree = "<group>"; };
		7E3AC69824668D5F00C3F2F5 /* gameController.swift */ = {isa = PBXFileReference; lastKnownFileType = sourcecode.swift; path = gameController.swift; sourceTree = "<group>"; };
		7E3AC69A24678F3000C3F2F5 /* PersonalityWarningVC.swift */ = {isa = PBXFileReference; lastKnownFileType = sourcecode.swift; path = PersonalityWarningVC.swift; sourceTree = "<group>"; };
/* End PBXFileReference section */

/* Begin PBXFrameworksBuildPhase section */
		7E27505B242AD76600E2687D /* Frameworks */ = {
			isa = PBXFrameworksBuildPhase;
			buildActionMask = 2147483647;
			files = (
			);
			runOnlyForDeploymentPostprocessing = 0;
		};
		7E275071242AD76700E2687D /* Frameworks */ = {
			isa = PBXFrameworksBuildPhase;
			buildActionMask = 2147483647;
			files = (
			);
			runOnlyForDeploymentPostprocessing = 0;
		};
		7E27507C242AD76700E2687D /* Frameworks */ = {
			isa = PBXFrameworksBuildPhase;
			buildActionMask = 2147483647;
			files = (
			);
			runOnlyForDeploymentPostprocessing = 0;
		};
/* End PBXFrameworksBuildPhase section */

/* Begin PBXGroup section */
		7E275055242AD76600E2687D = {
			isa = PBXGroup;
			children = (
				7E275060242AD76600E2687D /* BarBounced */,
				7E275077242AD76700E2687D /* BarBouncedTests */,
				7E275082242AD76700E2687D /* BarBouncedUITests */,
				7E27505F242AD76600E2687D /* Products */,
			);
			sourceTree = "<group>";
		};
		7E27505F242AD76600E2687D /* Products */ = {
			isa = PBXGroup;
			children = (
				7E27505E242AD76600E2687D /* BarBounced.app */,
				7E275074242AD76700E2687D /* BarBouncedTests.xctest */,
				7E27507F242AD76700E2687D /* BarBouncedUITests.xctest */,
			);
			name = Products;
			sourceTree = "<group>";
		};
		7E275060242AD76600E2687D /* BarBounced */ = {
			isa = PBXGroup;
			children = (
				7E275061242AD76600E2687D /* AppDelegate.swift */,
				7E275063242AD76600E2687D /* SceneDelegate.swift */,
				7E275065242AD76600E2687D /* ViewController.swift */,
				7E275067242AD76600E2687D /* Main.storyboard */,
				7E3AC69824668D5F00C3F2F5 /* gameController.swift */,
				7E27506A242AD76700E2687D /* Assets.xcassets */,
				7E27506C242AD76700E2687D /* LaunchScreen.storyboard */,
				7E27506F242AD76700E2687D /* Info.plist */,
				7E3AC69A24678F3000C3F2F5 /* PersonalityWarningVC.swift */,
			);
			path = BarBounced;
			sourceTree = "<group>";
		};
		7E275077242AD76700E2687D /* BarBouncedTests */ = {
			isa = PBXGroup;
			children = (
				7E275078242AD76700E2687D /* BarBouncedTests.swift */,
				7E27507A242AD76700E2687D /* Info.plist */,
			);
			path = BarBouncedTests;
			sourceTree = "<group>";
		};
		7E275082242AD76700E2687D /* BarBouncedUITests */ = {
			isa = PBXGroup;
			children = (
				7E275083242AD76700E2687D /* BarBouncedUITests.swift */,
				7E275085242AD76700E2687D /* Info.plist */,
			);
			path = BarBouncedUITests;
			sourceTree = "<group>";
		};
/* End PBXGroup section */

/* Begin PBXNativeTarget section */
		7E27505D242AD76600E2687D /* BarBounced */ = {
			isa = PBXNativeTarget;
			buildConfigurationList = 7E275088242AD76700E2687D /* Build configuration list for PBXNativeTarget "BarBounced" */;
			buildPhases = (
				7E27505A242AD76600E2687D /* Sources */,
				7E27505B242AD76600E2687D /* Frameworks */,
				7E27505C242AD76600E2687D /* Resources */,
			);
			buildRules = (
			);
			dependencies = (
			);
			name = BarBounced;
			productName = BarBounced;
			productReference = 7E27505E242AD76600E2687D /* BarBounced.app */;
			productType = "com.apple.product-type.application";
		};
		7E275073242AD76700E2687D /* BarBouncedTests */ = {
			isa = PBXNativeTarget;
			buildConfigurationList = 7E27508B242AD76700E2687D /* Build configuration list for PBXNativeTarget "BarBouncedTests" */;
			buildPhases = (
				7E275070242AD76700E2687D /* Sources */,
				7E275071242AD76700E2687D /* Frameworks */,
				7E275072242AD76700E2687D /* Resources */,
			);
			buildRules = (
			);
			dependencies = (
				7E275076242AD76700E2687D /* PBXTargetDependency */,
			);
			name = BarBouncedTests;
			productName = BarBouncedTests;
			productReference = 7E275074242AD76700E2687D /* BarBouncedTests.xctest */;
			productType = "com.apple.product-type.bundle.unit-test";
		};
		7E27507E242AD76700E2687D /* BarBouncedUITests */ = {
			isa = PBXNativeTarget;
			buildConfigurationList = 7E27508E242AD76700E2687D /* Build configuration list for PBXNativeTarget "BarBouncedUITests" */;
			buildPhases = (
				7E27507B242AD76700E2687D /* Sources */,
				7E27507C242AD76700E2687D /* Frameworks */,
				7E27507D242AD76700E2687D /* Resources */,
			);
			buildRules = (
			);
			dependencies = (
				7E275081242AD76700E2687D /* PBXTargetDependency */,
			);
			name = BarBouncedUITests;
			productName = BarBouncedUITests;
			productReference = 7E27507F242AD76700E2687D /* BarBouncedUITests.xctest */;
			productType = "com.apple.product-type.bundle.ui-testing";
		};
/* End PBXNativeTarget section */

/* Begin PBXProject section */
		7E275056242AD76600E2687D /* Project object */ = {
			isa = PBXProject;
			attributes = {
				LastSwiftUpdateCheck = 1130;
				LastUpgradeCheck = 1130;
				ORGANIZATIONNAME = "Sean Carnahan";
				TargetAttributes = {
					7E27505D242AD76600E2687D = {
						CreatedOnToolsVersion = 11.3.1;
					};
					7E275073242AD76700E2687D = {
						CreatedOnToolsVersion = 11.3.1;
						TestTargetID = 7E27505D242AD76600E2687D;
					};
					7E27507E242AD76700E2687D = {
						CreatedOnToolsVersion = 11.3.1;
						TestTargetID = 7E27505D242AD76600E2687D;
					};
				};
			};
			buildConfigurationList = 7E275059242AD76600E2687D /* Build configuration list for PBXProject "BarBounced" */;
			compatibilityVersion = "Xcode 9.3";
			developmentRegion = en;
			hasScannedForEncodings = 0;
			knownRegions = (
				en,
				Base,
			);
			mainGroup = 7E275055242AD76600E2687D;
			productRefGroup = 7E27505F242AD76600E2687D /* Products */;
			projectDirPath = "";
			projectRoot = "";
			targets = (
				7E27505D242AD76600E2687D /* BarBounced */,
				7E275073242AD76700E2687D /* BarBouncedTests */,
				7E27507E242AD76700E2687D /* BarBouncedUITests */,
			);
		};
/* End PBXProject section */

/* Begin PBXResourcesBuildPhase section */
		7E27505C242AD76600E2687D /* Resources */ = {
			isa = PBXResourcesBuildPhase;
			buildActionMask = 2147483647;
			files = (
				7E27506E242AD76700E2687D /* LaunchScreen.storyboard in Resources */,
				7E27506B242AD76700E2687D /* Assets.xcassets in Resources */,
				7E275069242AD76600E2687D /* Main.storyboard in Resources */,
			);
			runOnlyForDeploymentPostprocessing = 0;
		};
		7E275072242AD76700E2687D /* Resources */ = {
			isa = PBXResourcesBuildPhase;
			buildActionMask = 2147483647;
			files = (
			);
			runOnlyForDeploymentPostprocessing = 0;
		};
		7E27507D242AD76700E2687D /* Resources */ = {
			isa = PBXResourcesBuildPhase;
			buildActionMask = 2147483647;
			files = (
			);
			runOnlyForDeploymentPostprocessing = 0;
		};
/* End PBXResourcesBuildPhase section */

/* Begin PBXSourcesBuildPhase section */
		7E27505A242AD76600E2687D /* Sources */ = {
			isa = PBXSourcesBuildPhase;
			buildActionMask = 2147483647;
			files = (
				7E3AC69B24678F3000C3F2F5 /* PersonalityWarningVC.swift in Sources */,
				7E275066242AD76600E2687D /* ViewController.swift in Sources */,
				7E3AC69924668D5F00C3F2F5 /* gameController.swift in Sources */,
				7E275062242AD76600E2687D /* AppDelegate.swift in Sources */,
				7E275064242AD76600E2687D /* SceneDelegate.swift in Sources */,
			);
			runOnlyForDeploymentPostprocessing = 0;
		};
		7E275070242AD76700E2687D /* Sources */ = {
			isa = PBXSourcesBuildPhase;
			buildActionMask = 2147483647;
			files = (
				7E275079242AD76700E2687D /* BarBouncedTests.swift in Sources */,
			);
			runOnlyForDeploymentPostprocessing = 0;
		};
		7E27507B242AD76700E2687D /* Sources */ = {
			isa = PBXSourcesBuildPhase;
			buildActionMask = 2147483647;
			files = (
				7E275084242AD76700E2687D /* BarBouncedUITests.swift in Sources */,
			);
			runOnlyForDeploymentPostprocessing = 0;
		};
/* End PBXSourcesBuildPhase section */

/* Begin PBXTargetDependency section */
		7E275076242AD76700E2687D /* PBXTargetDependency */ = {
			isa = PBXTargetDependency;
			target = 7E27505D242AD76600E2687D /* BarBounced */;
			targetProxy = 7E275075242AD76700E2687D /* PBXContainerItemProxy */;
		};
		7E275081242AD76700E2687D /* PBXTargetDependency */ = {
			isa = PBXTargetDependency;
			target = 7E27505D242AD76600E2687D /* BarBounced */;
			targetProxy = 7E275080242AD76700E2687D /* PBXContainerItemProxy */;
		};
/* End PBXTargetDependency section */

/* Begin PBXVariantGroup section */
		7E275067242AD76600E2687D /* Main.storyboard */ = {
			isa = PBXVariantGroup;
			children = (
				7E275068242AD76600E2687D /* Base */,
			);
			name = Main.storyboard;
			sourceTree = "<group>";
		};
		7E27506C242AD76700E2687D /* LaunchScreen.storyboard */ = {
			isa = PBXVariantGroup;
			children = (
				7E27506D242AD76700E2687D /* Base */,
			);
			name = LaunchScreen.storyboard;
			sourceTree = "<group>";
		};
/* End PBXVariantGroup section */

/* Begin XCBuildConfiguration section */
		7E275086242AD76700E2687D /* Debug */ = {
			isa = XCBuildConfiguration;
			buildSettings = {
				ALWAYS_SEARCH_USER_PATHS = NO;
				CLANG_ANALYZER_NONNULL = YES;
				CLANG_ANALYZER_NUMBER_OBJECT_CONVERSION = YES_AGGRESSIVE;
				CLANG_CXX_LANGUAGE_STANDARD = "gnu++14";
				CLANG_CXX_LIBRARY = "libc++";
				CLANG_ENABLE_MODULES = YES;
				CLANG_ENABLE_OBJC_ARC = YES;
				CLANG_ENABLE_OBJC_WEAK = YES;
				CLANG_WARN_BLOCK_CAPTURE_AUTORELEASING = YES;
				CLANG_WARN_BOOL_CONVERSION = YES;
				CLANG_WARN_COMMA = YES;
				CLANG_WARN_CONSTANT_CONVERSION = YES;
				CLANG_WARN_DEPRECATED_OBJC_IMPLEMENTATIONS = YES;
				CLANG_WARN_DIRECT_OBJC_ISA_USAGE = YES_ERROR;
				CLANG_WARN_DOCUMENTATION_COMMENTS = YES;
				CLANG_WARN_EMPTY_BODY = YES;
				CLANG_WARN_ENUM_CONVERSION = YES;
				CLANG_WARN_INFINITE_RECURSION = YES;
				CLANG_WARN_INT_CONVERSION = YES;
				CLANG_WARN_NON_LITERAL_NULL_CONVERSION = YES;
				CLANG_WARN_OBJC_IMPLICIT_RETAIN_SELF = YES;
				CLANG_WARN_OBJC_LITERAL_CONVERSION = YES;
				CLANG_WARN_OBJC_ROOT_CLASS = YES_ERROR;
				CLANG_WARN_RANGE_LOOP_ANALYSIS = YES;
				CLANG_WARN_STRICT_PROTOTYPES = YES;
				CLANG_WARN_SUSPICIOUS_MOVE = YES;
				CLANG_WARN_UNGUARDED_AVAILABILITY = YES_AGGRESSIVE;
				CLANG_WARN_UNREACHABLE_CODE = YES;
				CLANG_WARN__DUPLICATE_METHOD_MATCH = YES;
				COPY_PHASE_STRIP = NO;
				DEBUG_INFORMATION_FORMAT = dwarf;
				ENABLE_STRICT_OBJC_MSGSEND = YES;
				ENABLE_TESTABILITY = YES;
				GCC_C_LANGUAGE_STANDARD = gnu11;
				GCC_DYNAMIC_NO_PIC = NO;
				GCC_NO_COMMON_BLOCKS = YES;
				GCC_OPTIMIZATION_LEVEL = 0;
				GCC_PREPROCESSOR_DEFINITIONS = (
					"DEBUG=1",
					"$(inherited)",
				);
				GCC_WARN_64_TO_32_BIT_CONVERSION = YES;
				GCC_WARN_ABOUT_RETURN_TYPE = YES_ERROR;
				GCC_WARN_UNDECLARED_SELECTOR = YES;
				GCC_WARN_UNINITIALIZED_AUTOS = YES_AGGRESSIVE;
				GCC_WARN_UNUSED_FUNCTION = YES;
				GCC_WARN_UNUSED_VARIABLE = YES;
				IPHONEOS_DEPLOYMENT_TARGET = 13.2;
				MTL_ENABLE_DEBUG_INFO = INCLUDE_SOURCE;
				MTL_FAST_MATH = YES;
				ONLY_ACTIVE_ARCH = YES;
				SDKROOT = iphoneos;
				SWIFT_ACTIVE_COMPILATION_CONDITIONS = DEBUG;
				SWIFT_OPTIMIZATION_LEVEL = "-Onone";
			};
			name = Debug;
		};
		7E275087242AD76700E2687D /* Release */ = {
			isa = XCBuildConfiguration;
			buildSettings = {
				ALWAYS_SEARCH_USER_PATHS = NO;
				CLANG_ANALYZER_NONNULL = YES;
				CLANG_ANALYZER_NUMBER_OBJECT_CONVERSION = YES_AGGRESSIVE;
				CLANG_CXX_LANGUAGE_STANDARD = "gnu++14";
				CLANG_CXX_LIBRARY = "libc++";
				CLANG_ENABLE_MODULES = YES;
				CLANG_ENABLE_OBJC_ARC = YES;
				CLANG_ENABLE_OBJC_WEAK = YES;
				CLANG_WARN_BLOCK_CAPTURE_AUTORELEASING = YES;
				CLANG_WARN_BOOL_CONVERSION = YES;
				CLANG_WARN_COMMA = YES;
				CLANG_WARN_CONSTANT_CONVERSION = YES;
				CLANG_WARN_DEPRECATED_OBJC_IMPLEMENTATIONS = YES;
				CLANG_WARN_DIRECT_OBJC_ISA_USAGE = YES_ERROR;
				CLANG_WARN_DOCUMENTATION_COMMENTS = YES;
				CLANG_WARN_EMPTY_BODY = YES;
				CLANG_WARN_ENUM_CONVERSION = YES;
				CLANG_WARN_INFINITE_RECURSION = YES;
				CLANG_WARN_INT_CONVERSION = YES;
				CLANG_WARN_NON_LITERAL_NULL_CONVERSION = YES;
				CLANG_WARN_OBJC_IMPLICIT_RETAIN_SELF = YES;
				CLANG_WARN_OBJC_LITERAL_CONVERSION = YES;
				CLANG_WARN_OBJC_ROOT_CLASS = YES_ERROR;
				CLANG_WARN_RANGE_LOOP_ANALYSIS = YES;
				CLANG_WARN_STRICT_PROTOTYPES = YES;
				CLANG_WARN_SUSPICIOUS_MOVE = YES;
				CLANG_WARN_UNGUARDED_AVAILABILITY = YES_AGGRESSIVE;
				CLANG_WARN_UNREACHABLE_CODE = YES;
				CLANG_WARN__DUPLICATE_METHOD_MATCH = YES;
				COPY_PHASE_STRIP = NO;
				DEBUG_INFORMATION_FORMAT = "dwarf-with-dsym";
				ENABLE_NS_ASSERTIONS = NO;
				ENABLE_STRICT_OBJC_MSGSEND = YES;
				GCC_C_LANGUAGE_STANDARD = gnu11;
				GCC_NO_COMMON_BLOCKS = YES;
				GCC_WARN_64_TO_32_BIT_CONVERSION = YES;
				GCC_WARN_ABOUT_RETURN_TYPE = YES_ERROR;
				GCC_WARN_UNDECLARED_SELECTOR = YES;
				GCC_WARN_UNINITIALIZED_AUTOS = YES_AGGRESSIVE;
				GCC_WARN_UNUSED_FUNCTION = YES;
				GCC_WARN_UNUSED_VARIABLE = YES;
				IPHONEOS_DEPLOYMENT_TARGET = 13.2;
				MTL_ENABLE_DEBUG_INFO = NO;
				MTL_FAST_MATH = YES;
				SDKROOT = iphoneos;
				SWIFT_COMPILATION_MODE = wholemodule;
				SWIFT_OPTIMIZATION_LEVEL = "-O";
				VALIDATE_PRODUCT = YES;
			};
			name = Release;
		};
		7E275089242AD76700E2687D /* Debug */ = {
			isa = XCBuildConfiguration;
			buildSettings = {
				ASSETCATALOG_COMPILER_APPICON_NAME = AppIcon;
				CODE_SIGN_STYLE = Automatic;
				INFOPLIST_FILE = BarBounced/Info.plist;
				LD_RUNPATH_SEARCH_PATHS = (
					"$(inherited)",
					"@executable_path/Frameworks",
				);
				PRODUCT_BUNDLE_IDENTIFIER = com.trashedGames.BarBounced;
				PRODUCT_NAME = "$(TARGET_NAME)";
				SWIFT_VERSION = 5.0;
				TARGETED_DEVICE_FAMILY = "1,2";
			};
			name = Debug;
		};
		7E27508A242AD76700E2687D /* Release */ = {
			isa = XCBuildConfiguration;
			buildSettings = {
				ASSETCATALOG_COMPILER_APPICON_NAME = AppIcon;
				CODE_SIGN_STYLE = Automatic;
				INFOPLIST_FILE = BarBounced/Info.plist;
				LD_RUNPATH_SEARCH_PATHS = (
					"$(inherited)",
					"@executable_path/Frameworks",
				);
				PRODUCT_BUNDLE_IDENTIFIER = com.trashedGames.BarBounced;
				PRODUCT_NAME = "$(TARGET_NAME)";
				SWIFT_VERSION = 5.0;
				TARGETED_DEVICE_FAMILY = "1,2";
			};
			name = Release;
		};
		7E27508C242AD76700E2687D /* Debug */ = {
			isa = XCBuildConfiguration;
			buildSettings = {
				ALWAYS_EMBED_SWIFT_STANDARD_LIBRARIES = YES;
				BUNDLE_LOADER = "$(TEST_HOST)";
				CODE_SIGN_STYLE = Automatic;
				INFOPLIST_FILE = BarBouncedTests/Info.plist;
				IPHONEOS_DEPLOYMENT_TARGET = 13.2;
				LD_RUNPATH_SEARCH_PATHS = (
					"$(inherited)",
					"@executable_path/Frameworks",
					"@loader_path/Frameworks",
				);
				PRODUCT_BUNDLE_IDENTIFIER = com.trashedGames.BarBouncedTests;
				PRODUCT_NAME = "$(TARGET_NAME)";
				SWIFT_VERSION = 5.0;
				TARGETED_DEVICE_FAMILY = "1,2";
				TEST_HOST = "$(BUILT_PRODUCTS_DIR)/BarBounced.app/BarBounced";
			};
			name = Debug;
		};
		7E27508D242AD76700E2687D /* Release */ = {
			isa = XCBuildConfiguration;
			buildSettings = {
				ALWAYS_EMBED_SWIFT_STANDARD_LIBRARIES = YES;
				BUNDLE_LOADER = "$(TEST_HOST)";
				CODE_SIGN_STYLE = Automatic;
				INFOPLIST_FILE = BarBouncedTests/Info.plist;
				IPHONEOS_DEPLOYMENT_TARGET = 13.2;
				LD_RUNPATH_SEARCH_PATHS = (
					"$(inherited)",
					"@executable_path/Frameworks",
					"@loader_path/Frameworks",
				);
				PRODUCT_BUNDLE_IDENTIFIER = com.trashedGames.BarBouncedTests;
				PRODUCT_NAME = "$(TARGET_NAME)";
				SWIFT_VERSION = 5.0;
				TARGETED_DEVICE_FAMILY = "1,2";
				TEST_HOST = "$(BUILT_PRODUCTS_DIR)/BarBounced.app/BarBounced";
			};
			name = Release;
		};
		7E27508F242AD76700E2687D /* Debug */ = {
			isa = XCBuildConfiguration;
			buildSettings = {
				ALWAYS_EMBED_SWIFT_STANDARD_LIBRARIES = YES;
				CODE_SIGN_STYLE = Automatic;
				INFOPLIST_FILE = BarBouncedUITests/Info.plist;
				LD_RUNPATH_SEARCH_PATHS = (
					"$(inherited)",
					"@executable_path/Frameworks",
					"@loader_path/Frameworks",
				);
				PRODUCT_BUNDLE_IDENTIFIER = com.trashedGames.BarBouncedUITests;
				PRODUCT_NAME = "$(TARGET_NAME)";
				SWIFT_VERSION = 5.0;
				TARGETED_DEVICE_FAMILY = "1,2";
				TEST_TARGET_NAME = BarBounced;
			};
			name = Debug;
		};
		7E275090242AD76700E2687D /* Release */ = {
			isa = XCBuildConfiguration;
			buildSettings = {
				ALWAYS_EMBED_SWIFT_STANDARD_LIBRARIES = YES;
				CODE_SIGN_STYLE = Automatic;
				INFOPLIST_FILE = BarBouncedUITests/Info.plist;
				LD_RUNPATH_SEARCH_PATHS = (
					"$(inherited)",
					"@executable_path/Frameworks",
					"@loader_path/Frameworks",
				);
				PRODUCT_BUNDLE_IDENTIFIER = com.trashedGames.BarBouncedUITests;
				PRODUCT_NAME = "$(TARGET_NAME)";
				SWIFT_VERSION = 5.0;
				TARGETED_DEVICE_FAMILY = "1,2";
				TEST_TARGET_NAME = BarBounced;
			};
			name = Release;
		};
/* End XCBuildConfiguration section */

/* Begin XCConfigurationList section */
		7E275059242AD76600E2687D /* Build configuration list for PBXProject "BarBounced" */ = {
			isa = XCConfigurationList;
			buildConfigurations = (
				7E275086242AD76700E2687D /* Debug */,
				7E275087242AD76700E2687D /* Release */,
			);
			defaultConfigurationIsVisible = 0;
			defaultConfigurationName = Release;
		};
		7E275088242AD76700E2687D /* Build configuration list for PBXNativeTarget "BarBounced" */ = {
			isa = XCConfigurationList;
			buildConfigurations = (
				7E275089242AD76700E2687D /* Debug */,
				7E27508A242AD76700E2687D /* Release */,
			);
			defaultConfigurationIsVisible = 0;
			defaultConfigurationName = Release;
		};
		7E27508B242AD76700E2687D /* Build configuration list for PBXNativeTarget "BarBouncedTests" */ = {
			isa = XCConfigurationList;
			buildConfigurations = (
				7E27508C242AD76700E2687D /* Debug */,
				7E27508D242AD76700E2687D /* Release */,
			);
			defaultConfigurationIsVisible = 0;
			defaultConfigurationName = Release;
		};
		7E27508E242AD76700E2687D /* Build configuration list for PBXNativeTarget "BarBouncedUITests" */ = {
			isa = XCConfigurationList;
			buildConfigurations = (
				7E27508F242AD76700E2687D /* Debug */,
				7E275090242AD76700E2687D /* Release */,
			);
			defaultConfigurationIsVisible = 0;
			defaultConfigurationName = Release;
		};
/* End XCConfigurationList section */
	};
	rootObject = 7E275056242AD76600E2687D /* Project object */;
}
