// !$*UTF8*$!
{
	archiveVersion = 1;
	classes = {
	};
	objectVersion = 50;
	objects = {

/* Begin PBXBuildFile section */
		7ED0EB602429C63C00F8DDEE /* AppDelegate.swift in Sources */ = {isa = PBXBuildFile; fileRef = 7ED0EB5F2429C63C00F8DDEE /* AppDelegate.swift */; };
		7ED0EB622429C63C00F8DDEE /* GameScene.sks in Resources */ = {isa = PBXBuildFile; fileRef = 7ED0EB612429C63C00F8DDEE /* GameScene.sks */; };
		7ED0EB642429C63C00F8DDEE /* Actions.sks in Resources */ = {isa = PBXBuildFile; fileRef = 7ED0EB632429C63C00F8DDEE /* Actions.sks */; };
		7ED0EB662429C63C00F8DDEE /* GameScene.swift in Sources */ = {isa = PBXBuildFile; fileRef = 7ED0EB652429C63C00F8DDEE /* GameScene.swift */; };
		7ED0EB682429C63C00F8DDEE /* GameViewController.swift in Sources */ = {isa = PBXBuildFile; fileRef = 7ED0EB672429C63C00F8DDEE /* GameViewController.swift */; };
		7ED0EB6B2429C63C00F8DDEE /* Main.storyboard in Resources */ = {isa = PBXBuildFile; fileRef = 7ED0EB692429C63C00F8DDEE /* Main.storyboard */; };
		7ED0EB6D2429C63E00F8DDEE /* Assets.xcassets in Resources */ = {isa = PBXBuildFile; fileRef = 7ED0EB6C2429C63E00F8DDEE /* Assets.xcassets */; };
		7ED0EB702429C63E00F8DDEE /* LaunchScreen.storyboard in Resources */ = {isa = PBXBuildFile; fileRef = 7ED0EB6E2429C63E00F8DDEE /* LaunchScreen.storyboard */; };
		7ED0EB7B2429C63E00F8DDEE /* BarBouncedTests.swift in Sources */ = {isa = PBXBuildFile; fileRef = 7ED0EB7A2429C63E00F8DDEE /* BarBouncedTests.swift */; };
		7ED0EB862429C63E00F8DDEE /* BarBouncedUITests.swift in Sources */ = {isa = PBXBuildFile; fileRef = 7ED0EB852429C63E00F8DDEE /* BarBouncedUITests.swift */; };
/* End PBXBuildFile section */

/* Begin PBXContainerItemProxy section */
		7ED0EB772429C63E00F8DDEE /* PBXContainerItemProxy */ = {
			isa = PBXContainerItemProxy;
			containerPortal = 7ED0EB542429C63C00F8DDEE /* Project object */;
			proxyType = 1;
			remoteGlobalIDString = 7ED0EB5B2429C63C00F8DDEE;
			remoteInfo = BarBounced;
		};
		7ED0EB822429C63E00F8DDEE /* PBXContainerItemProxy */ = {
			isa = PBXContainerItemProxy;
			containerPortal = 7ED0EB542429C63C00F8DDEE /* Project object */;
			proxyType = 1;
			remoteGlobalIDString = 7ED0EB5B2429C63C00F8DDEE;
			remoteInfo = BarBounced;
		};
/* End PBXContainerItemProxy section */

/* Begin PBXFileReference section */
		7ED0EB5C2429C63C00F8DDEE /* BarBounced.app */ = {isa = PBXFileReference; explicitFileType = wrapper.application; includeInIndex = 0; path = BarBounced.app; sourceTree = BUILT_PRODUCTS_DIR; };
		7ED0EB5F2429C63C00F8DDEE /* AppDelegate.swift */ = {isa = PBXFileReference; lastKnownFileType = sourcecode.swift; path = AppDelegate.swift; sourceTree = "<group>"; };
		7ED0EB612429C63C00F8DDEE /* GameScene.sks */ = {isa = PBXFileReference; lastKnownFileType = file.sks; path = GameScene.sks; sourceTree = "<group>"; };
		7ED0EB632429C63C00F8DDEE /* Actions.sks */ = {isa = PBXFileReference; lastKnownFileType = file.sks; path = Actions.sks; sourceTree = "<group>"; };
		7ED0EB652429C63C00F8DDEE /* GameScene.swift */ = {isa = PBXFileReference; lastKnownFileType = sourcecode.swift; path = GameScene.swift; sourceTree = "<group>"; };
		7ED0EB672429C63C00F8DDEE /* GameViewController.swift */ = {isa = PBXFileReference; lastKnownFileType = sourcecode.swift; path = GameViewController.swift; sourceTree = "<group>"; };
		7ED0EB6A2429C63C00F8DDEE /* Base */ = {isa = PBXFileReference; lastKnownFileType = file.storyboard; name = Base; path = Base.lproj/Main.storyboard; sourceTree = "<group>"; };
		7ED0EB6C2429C63E00F8DDEE /* Assets.xcassets */ = {isa = PBXFileReference; lastKnownFileType = folder.assetcatalog; path = Assets.xcassets; sourceTree = "<group>"; };
		7ED0EB6F2429C63E00F8DDEE /* Base */ = {isa = PBXFileReference; lastKnownFileType = file.storyboard; name = Base; path = Base.lproj/LaunchScreen.storyboard; sourceTree = "<group>"; };
		7ED0EB712429C63E00F8DDEE /* Info.plist */ = {isa = PBXFileReference; lastKnownFileType = text.plist.xml; path = Info.plist; sourceTree = "<group>"; };
		7ED0EB762429C63E00F8DDEE /* BarBouncedTests.xctest */ = {isa = PBXFileReference; explicitFileType = wrapper.cfbundle; includeInIndex = 0; path = BarBouncedTests.xctest; sourceTree = BUILT_PRODUCTS_DIR; };
		7ED0EB7A2429C63E00F8DDEE /* BarBouncedTests.swift */ = {isa = PBXFileReference; lastKnownFileType = sourcecode.swift; path = BarBouncedTests.swift; sourceTree = "<group>"; };
		7ED0EB7C2429C63E00F8DDEE /* Info.plist */ = {isa = PBXFileReference; lastKnownFileType = text.plist.xml; path = Info.plist; sourceTree = "<group>"; };
		7ED0EB812429C63E00F8DDEE /* BarBouncedUITests.xctest */ = {isa = PBXFileReference; explicitFileType = wrapper.cfbundle; includeInIndex = 0; path = BarBouncedUITests.xctest; sourceTree = BUILT_PRODUCTS_DIR; };
		7ED0EB852429C63E00F8DDEE /* BarBouncedUITests.swift */ = {isa = PBXFileReference; lastKnownFileType = sourcecode.swift; path = BarBouncedUITests.swift; sourceTree = "<group>"; };
		7ED0EB872429C63E00F8DDEE /* Info.plist */ = {isa = PBXFileReference; lastKnownFileType = text.plist.xml; path = Info.plist; sourceTree = "<group>"; };
/* End PBXFileReference section */

/* Begin PBXFrameworksBuildPhase section */
		7ED0EB592429C63C00F8DDEE /* Frameworks */ = {
			isa = PBXFrameworksBuildPhase;
			buildActionMask = 2147483647;
			files = (
			);
			runOnlyForDeploymentPostprocessing = 0;
		};
		7ED0EB732429C63E00F8DDEE /* Frameworks */ = {
			isa = PBXFrameworksBuildPhase;
			buildActionMask = 2147483647;
			files = (
			);
			runOnlyForDeploymentPostprocessing = 0;
		};
		7ED0EB7E2429C63E00F8DDEE /* Frameworks */ = {
			isa = PBXFrameworksBuildPhase;
			buildActionMask = 2147483647;
			files = (
			);
			runOnlyForDeploymentPostprocessing = 0;
		};
/* End PBXFrameworksBuildPhase section */

/* Begin PBXGroup section */
		7ED0EB532429C63C00F8DDEE = {
			isa = PBXGroup;
			children = (
				7ED0EB5E2429C63C00F8DDEE /* BarBounced */,
				7ED0EB792429C63E00F8DDEE /* BarBouncedTests */,
				7ED0EB842429C63E00F8DDEE /* BarBouncedUITests */,
				7ED0EB5D2429C63C00F8DDEE /* Products */,
			);
			sourceTree = "<group>";
		};
		7ED0EB5D2429C63C00F8DDEE /* Products */ = {
			isa = PBXGroup;
			children = (
				7ED0EB5C2429C63C00F8DDEE /* BarBounced.app */,
				7ED0EB762429C63E00F8DDEE /* BarBouncedTests.xctest */,
				7ED0EB812429C63E00F8DDEE /* BarBouncedUITests.xctest */,
			);
			name = Products;
			sourceTree = "<group>";
		};
		7ED0EB5E2429C63C00F8DDEE /* BarBounced */ = {
			isa = PBXGroup;
			children = (
				7ED0EB5F2429C63C00F8DDEE /* AppDelegate.swift */,
				7ED0EB612429C63C00F8DDEE /* GameScene.sks */,
				7ED0EB632429C63C00F8DDEE /* Actions.sks */,
				7ED0EB652429C63C00F8DDEE /* GameScene.swift */,
				7ED0EB672429C63C00F8DDEE /* GameViewController.swift */,
				7ED0EB692429C63C00F8DDEE /* Main.storyboard */,
				7ED0EB6C2429C63E00F8DDEE /* Assets.xcassets */,
				7ED0EB6E2429C63E00F8DDEE /* LaunchScreen.storyboard */,
				7ED0EB712429C63E00F8DDEE /* Info.plist */,
			);
			path = BarBounced;
			sourceTree = "<group>";
		};
		7ED0EB792429C63E00F8DDEE /* BarBouncedTests */ = {
			isa = PBXGroup;
			children = (
				7ED0EB7A2429C63E00F8DDEE /* BarBouncedTests.swift */,
				7ED0EB7C2429C63E00F8DDEE /* Info.plist */,
			);
			path = BarBouncedTests;
			sourceTree = "<group>";
		};
		7ED0EB842429C63E00F8DDEE /* BarBouncedUITests */ = {
			isa = PBXGroup;
			children = (
				7ED0EB852429C63E00F8DDEE /* BarBouncedUITests.swift */,
				7ED0EB872429C63E00F8DDEE /* Info.plist */,
			);
			path = BarBouncedUITests;
			sourceTree = "<group>";
		};
/* End PBXGroup section */

/* Begin PBXNativeTarget section */
		7ED0EB5B2429C63C00F8DDEE /* BarBounced */ = {
			isa = PBXNativeTarget;
			buildConfigurationList = 7ED0EB8A2429C63E00F8DDEE /* Build configuration list for PBXNativeTarget "BarBounced" */;
			buildPhases = (
				7ED0EB582429C63C00F8DDEE /* Sources */,
				7ED0EB592429C63C00F8DDEE /* Frameworks */,
				7ED0EB5A2429C63C00F8DDEE /* Resources */,
			);
			buildRules = (
			);
			dependencies = (
			);
			name = BarBounced;
			productName = BarBounced;
			productReference = 7ED0EB5C2429C63C00F8DDEE /* BarBounced.app */;
			productType = "com.apple.product-type.application";
		};
		7ED0EB752429C63E00F8DDEE /* BarBouncedTests */ = {
			isa = PBXNativeTarget;
			buildConfigurationList = 7ED0EB8D2429C63E00F8DDEE /* Build configuration list for PBXNativeTarget "BarBouncedTests" */;
			buildPhases = (
				7ED0EB722429C63E00F8DDEE /* Sources */,
				7ED0EB732429C63E00F8DDEE /* Frameworks */,
				7ED0EB742429C63E00F8DDEE /* Resources */,
			);
			buildRules = (
			);
			dependencies = (
				7ED0EB782429C63E00F8DDEE /* PBXTargetDependency */,
			);
			name = BarBouncedTests;
			productName = BarBouncedTests;
			productReference = 7ED0EB762429C63E00F8DDEE /* BarBouncedTests.xctest */;
			productType = "com.apple.product-type.bundle.unit-test";
		};
		7ED0EB802429C63E00F8DDEE /* BarBouncedUITests */ = {
			isa = PBXNativeTarget;
			buildConfigurationList = 7ED0EB902429C63E00F8DDEE /* Build configuration list for PBXNativeTarget "BarBouncedUITests" */;
			buildPhases = (
				7ED0EB7D2429C63E00F8DDEE /* Sources */,
				7ED0EB7E2429C63E00F8DDEE /* Frameworks */,
				7ED0EB7F2429C63E00F8DDEE /* Resources */,
			);
			buildRules = (
			);
			dependencies = (
				7ED0EB832429C63E00F8DDEE /* PBXTargetDependency */,
			);
			name = BarBouncedUITests;
			productName = BarBouncedUITests;
			productReference = 7ED0EB812429C63E00F8DDEE /* BarBouncedUITests.xctest */;
			productType = "com.apple.product-type.bundle.ui-testing";
		};
/* End PBXNativeTarget section */

/* Begin PBXProject section */
		7ED0EB542429C63C00F8DDEE /* Project object */ = {
			isa = PBXProject;
			attributes = {
				LastSwiftUpdateCheck = 1130;
				LastUpgradeCheck = 1130;
				ORGANIZATIONNAME = "Sean Carnahan";
				TargetAttributes = {
					7ED0EB5B2429C63C00F8DDEE = {
						CreatedOnToolsVersion = 11.3.1;
					};
					7ED0EB752429C63E00F8DDEE = {
						CreatedOnToolsVersion = 11.3.1;
						TestTargetID = 7ED0EB5B2429C63C00F8DDEE;
					};
					7ED0EB802429C63E00F8DDEE = {
						CreatedOnToolsVersion = 11.3.1;
						TestTargetID = 7ED0EB5B2429C63C00F8DDEE;
					};
				};
			};
			buildConfigurationList = 7ED0EB572429C63C00F8DDEE /* Build configuration list for PBXProject "BarBounced" */;
			compatibilityVersion = "Xcode 9.3";
			developmentRegion = en;
			hasScannedForEncodings = 0;
			knownRegions = (
				en,
				Base,
			);
			mainGroup = 7ED0EB532429C63C00F8DDEE;
			productRefGroup = 7ED0EB5D2429C63C00F8DDEE /* Products */;
			projectDirPath = "";
			projectRoot = "";
			targets = (
				7ED0EB5B2429C63C00F8DDEE /* BarBounced */,
				7ED0EB752429C63E00F8DDEE /* BarBouncedTests */,
				7ED0EB802429C63E00F8DDEE /* BarBouncedUITests */,
			);
		};
/* End PBXProject section */

/* Begin PBXResourcesBuildPhase section */
		7ED0EB5A2429C63C00F8DDEE /* Resources */ = {
			isa = PBXResourcesBuildPhase;
			buildActionMask = 2147483647;
			files = (
				7ED0EB6B2429C63C00F8DDEE /* Main.storyboard in Resources */,
				7ED0EB622429C63C00F8DDEE /* GameScene.sks in Resources */,
				7ED0EB6D2429C63E00F8DDEE /* Assets.xcassets in Resources */,
				7ED0EB702429C63E00F8DDEE /* LaunchScreen.storyboard in Resources */,
				7ED0EB642429C63C00F8DDEE /* Actions.sks in Resources */,
			);
			runOnlyForDeploymentPostprocessing = 0;
		};
		7ED0EB742429C63E00F8DDEE /* Resources */ = {
			isa = PBXResourcesBuildPhase;
			buildActionMask = 2147483647;
			files = (
			);
			runOnlyForDeploymentPostprocessing = 0;
		};
		7ED0EB7F2429C63E00F8DDEE /* Resources */ = {
			isa = PBXResourcesBuildPhase;
			buildActionMask = 2147483647;
			files = (
			);
			runOnlyForDeploymentPostprocessing = 0;
		};
/* End PBXResourcesBuildPhase section */

/* Begin PBXSourcesBuildPhase section */
		7ED0EB582429C63C00F8DDEE /* Sources */ = {
			isa = PBXSourcesBuildPhase;
			buildActionMask = 2147483647;
			files = (
				7ED0EB662429C63C00F8DDEE /* GameScene.swift in Sources */,
				7ED0EB682429C63C00F8DDEE /* GameViewController.swift in Sources */,
				7ED0EB602429C63C00F8DDEE /* AppDelegate.swift in Sources */,
			);
			runOnlyForDeploymentPostprocessing = 0;
		};
		7ED0EB722429C63E00F8DDEE /* Sources */ = {
			isa = PBXSourcesBuildPhase;
			buildActionMask = 2147483647;
			files = (
				7ED0EB7B2429C63E00F8DDEE /* BarBouncedTests.swift in Sources */,
			);
			runOnlyForDeploymentPostprocessing = 0;
		};
		7ED0EB7D2429C63E00F8DDEE /* Sources */ = {
			isa = PBXSourcesBuildPhase;
			buildActionMask = 2147483647;
			files = (
				7ED0EB862429C63E00F8DDEE /* BarBouncedUITests.swift in Sources */,
			);
			runOnlyForDeploymentPostprocessing = 0;
		};
/* End PBXSourcesBuildPhase section */

/* Begin PBXTargetDependency section */
		7ED0EB782429C63E00F8DDEE /* PBXTargetDependency */ = {
			isa = PBXTargetDependency;
			target = 7ED0EB5B2429C63C00F8DDEE /* BarBounced */;
			targetProxy = 7ED0EB772429C63E00F8DDEE /* PBXContainerItemProxy */;
		};
		7ED0EB832429C63E00F8DDEE /* PBXTargetDependency */ = {
			isa = PBXTargetDependency;
			target = 7ED0EB5B2429C63C00F8DDEE /* BarBounced */;
			targetProxy = 7ED0EB822429C63E00F8DDEE /* PBXContainerItemProxy */;
		};
/* End PBXTargetDependency section */

/* Begin PBXVariantGroup section */
		7ED0EB692429C63C00F8DDEE /* Main.storyboard */ = {
			isa = PBXVariantGroup;
			children = (
				7ED0EB6A2429C63C00F8DDEE /* Base */,
			);
			name = Main.storyboard;
			sourceTree = "<group>";
		};
		7ED0EB6E2429C63E00F8DDEE /* LaunchScreen.storyboard */ = {
			isa = PBXVariantGroup;
			children = (
				7ED0EB6F2429C63E00F8DDEE /* Base */,
			);
			name = LaunchScreen.storyboard;
			sourceTree = "<group>";
		};
/* End PBXVariantGroup section */

/* Begin XCBuildConfiguration section */
		7ED0EB882429C63E00F8DDEE /* Debug */ = {
			isa = XCBuildConfiguration;
			buildSettings = {
				ALWAYS_SEARCH_USER_PATHS = NO;
				CLANG_ANALYZER_NONNULL = YES;
				CLANG_ANALYZER_NUMBER_OBJECT_CONVERSION = YES_AGGRESSIVE;
				CLANG_CXX_LANGUAGE_STANDARD = "gnu++14";
				CLANG_CXX_LIBRARY = "libc++";
				CLANG_ENABLE_MODULES = YES;
				CLANG_ENABLE_OBJC_ARC = YES;
				CLANG_ENABLE_OBJC_WEAK = YES;
				CLANG_WARN_BLOCK_CAPTURE_AUTORELEASING = YES;
				CLANG_WARN_BOOL_CONVERSION = YES;
				CLANG_WARN_COMMA = YES;
				CLANG_WARN_CONSTANT_CONVERSION = YES;
				CLANG_WARN_DEPRECATED_OBJC_IMPLEMENTATIONS = YES;
				CLANG_WARN_DIRECT_OBJC_ISA_USAGE = YES_ERROR;
				CLANG_WARN_DOCUMENTATION_COMMENTS = YES;
				CLANG_WARN_EMPTY_BODY = YES;
				CLANG_WARN_ENUM_CONVERSION = YES;
				CLANG_WARN_INFINITE_RECURSION = YES;
				CLANG_WARN_INT_CONVERSION = YES;
				CLANG_WARN_NON_LITERAL_NULL_CONVERSION = YES;
				CLANG_WARN_OBJC_IMPLICIT_RETAIN_SELF = YES;
				CLANG_WARN_OBJC_LITERAL_CONVERSION = YES;
				CLANG_WARN_OBJC_ROOT_CLASS = YES_ERROR;
				CLANG_WARN_RANGE_LOOP_ANALYSIS = YES;
				CLANG_WARN_STRICT_PROTOTYPES = YES;
				CLANG_WARN_SUSPICIOUS_MOVE = YES;
				CLANG_WARN_UNGUARDED_AVAILABILITY = YES_AGGRESSIVE;
				CLANG_WARN_UNREACHABLE_CODE = YES;
				CLANG_WARN__DUPLICATE_METHOD_MATCH = YES;
				COPY_PHASE_STRIP = NO;
				DEBUG_INFORMATION_FORMAT = dwarf;
				ENABLE_STRICT_OBJC_MSGSEND = YES;
				ENABLE_TESTABILITY = YES;
				GCC_C_LANGUAGE_STANDARD = gnu11;
				GCC_DYNAMIC_NO_PIC = NO;
				GCC_NO_COMMON_BLOCKS = YES;
				GCC_OPTIMIZATION_LEVEL = 0;
				GCC_PREPROCESSOR_DEFINITIONS = (
					"DEBUG=1",
					"$(inherited)",
				);
				GCC_WARN_64_TO_32_BIT_CONVERSION = YES;
				GCC_WARN_ABOUT_RETURN_TYPE = YES_ERROR;
				GCC_WARN_UNDECLARED_SELECTOR = YES;
				GCC_WARN_UNINITIALIZED_AUTOS = YES_AGGRESSIVE;
				GCC_WARN_UNUSED_FUNCTION = YES;
				GCC_WARN_UNUSED_VARIABLE = YES;
				IPHONEOS_DEPLOYMENT_TARGET = 13.2;
				MTL_ENABLE_DEBUG_INFO = INCLUDE_SOURCE;
				MTL_FAST_MATH = YES;
				ONLY_ACTIVE_ARCH = YES;
				SDKROOT = iphoneos;
				SWIFT_ACTIVE_COMPILATION_CONDITIONS = DEBUG;
				SWIFT_OPTIMIZATION_LEVEL = "-Onone";
			};
			name = Debug;
		};
		7ED0EB892429C63E00F8DDEE /* Release */ = {
			isa = XCBuildConfiguration;
			buildSettings = {
				ALWAYS_SEARCH_USER_PATHS = NO;
				CLANG_ANALYZER_NONNULL = YES;
				CLANG_ANALYZER_NUMBER_OBJECT_CONVERSION = YES_AGGRESSIVE;
				CLANG_CXX_LANGUAGE_STANDARD = "gnu++14";
				CLANG_CXX_LIBRARY = "libc++";
				CLANG_ENABLE_MODULES = YES;
				CLANG_ENABLE_OBJC_ARC = YES;
				CLANG_ENABLE_OBJC_WEAK = YES;
				CLANG_WARN_BLOCK_CAPTURE_AUTORELEASING = YES;
				CLANG_WARN_BOOL_CONVERSION = YES;
				CLANG_WARN_COMMA = YES;
				CLANG_WARN_CONSTANT_CONVERSION = YES;
				CLANG_WARN_DEPRECATED_OBJC_IMPLEMENTATIONS = YES;
				CLANG_WARN_DIRECT_OBJC_ISA_USAGE = YES_ERROR;
				CLANG_WARN_DOCUMENTATION_COMMENTS = YES;
				CLANG_WARN_EMPTY_BODY = YES;
				CLANG_WARN_ENUM_CONVERSION = YES;
				CLANG_WARN_INFINITE_RECURSION = YES;
				CLANG_WARN_INT_CONVERSION = YES;
				CLANG_WARN_NON_LITERAL_NULL_CONVERSION = YES;
				CLANG_WARN_OBJC_IMPLICIT_RETAIN_SELF = YES;
				CLANG_WARN_OBJC_LITERAL_CONVERSION = YES;
				CLANG_WARN_OBJC_ROOT_CLASS = YES_ERROR;
				CLANG_WARN_RANGE_LOOP_ANALYSIS = YES;
				CLANG_WARN_STRICT_PROTOTYPES = YES;
				CLANG_WARN_SUSPICIOUS_MOVE = YES;
				CLANG_WARN_UNGUARDED_AVAILABILITY = YES_AGGRESSIVE;
				CLANG_WARN_UNREACHABLE_CODE = YES;
				CLANG_WARN__DUPLICATE_METHOD_MATCH = YES;
				COPY_PHASE_STRIP = NO;
				DEBUG_INFORMATION_FORMAT = "dwarf-with-dsym";
				ENABLE_NS_ASSERTIONS = NO;
				ENABLE_STRICT_OBJC_MSGSEND = YES;
				GCC_C_LANGUAGE_STANDARD = gnu11;
				GCC_NO_COMMON_BLOCKS = YES;
				GCC_WARN_64_TO_32_BIT_CONVERSION = YES;
				GCC_WARN_ABOUT_RETURN_TYPE = YES_ERROR;
				GCC_WARN_UNDECLARED_SELECTOR = YES;
				GCC_WARN_UNINITIALIZED_AUTOS = YES_AGGRESSIVE;
				GCC_WARN_UNUSED_FUNCTION = YES;
				GCC_WARN_UNUSED_VARIABLE = YES;
				IPHONEOS_DEPLOYMENT_TARGET = 13.2;
				MTL_ENABLE_DEBUG_INFO = NO;
				MTL_FAST_MATH = YES;
				SDKROOT = iphoneos;
				SWIFT_COMPILATION_MODE = wholemodule;
				SWIFT_OPTIMIZATION_LEVEL = "-O";
				VALIDATE_PRODUCT = YES;
			};
			name = Release;
		};
		7ED0EB8B2429C63E00F8DDEE /* Debug */ = {
			isa = XCBuildConfiguration;
			buildSettings = {
				ASSETCATALOG_COMPILER_APPICON_NAME = AppIcon;
				CODE_SIGN_STYLE = Automatic;
				INFOPLIST_FILE = BarBounced/Info.plist;
				LD_RUNPATH_SEARCH_PATHS = (
					"$(inherited)",
					"@executable_path/Frameworks",
				);
				PRODUCT_BUNDLE_IDENTIFIER = com.trashedGames.BarBounced;
				PRODUCT_NAME = "$(TARGET_NAME)";
				SWIFT_VERSION = 5.0;
				TARGETED_DEVICE_FAMILY = "1,2";
			};
			name = Debug;
		};
		7ED0EB8C2429C63E00F8DDEE /* Release */ = {
			isa = XCBuildConfiguration;
			buildSettings = {
				ASSETCATALOG_COMPILER_APPICON_NAME = AppIcon;
				CODE_SIGN_STYLE = Automatic;
				INFOPLIST_FILE = BarBounced/Info.plist;
				LD_RUNPATH_SEARCH_PATHS = (
					"$(inherited)",
					"@executable_path/Frameworks",
				);
				PRODUCT_BUNDLE_IDENTIFIER = com.trashedGames.BarBounced;
				PRODUCT_NAME = "$(TARGET_NAME)";
				SWIFT_VERSION = 5.0;
				TARGETED_DEVICE_FAMILY = "1,2";
			};
			name = Release;
		};
		7ED0EB8E2429C63E00F8DDEE /* Debug */ = {
			isa = XCBuildConfiguration;
			buildSettings = {
				ALWAYS_EMBED_SWIFT_STANDARD_LIBRARIES = YES;
				BUNDLE_LOADER = "$(TEST_HOST)";
				CODE_SIGN_STYLE = Automatic;
				INFOPLIST_FILE = BarBouncedTests/Info.plist;
				IPHONEOS_DEPLOYMENT_TARGET = 13.2;
				LD_RUNPATH_SEARCH_PATHS = (
					"$(inherited)",
					"@executable_path/Frameworks",
					"@loader_path/Frameworks",
				);
				PRODUCT_BUNDLE_IDENTIFIER = com.trashedGames.BarBouncedTests;
				PRODUCT_NAME = "$(TARGET_NAME)";
				SWIFT_VERSION = 5.0;
				TARGETED_DEVICE_FAMILY = "1,2";
				TEST_HOST = "$(BUILT_PRODUCTS_DIR)/BarBounced.app/BarBounced";
			};
			name = Debug;
		};
		7ED0EB8F2429C63E00F8DDEE /* Release */ = {
			isa = XCBuildConfiguration;
			buildSettings = {
				ALWAYS_EMBED_SWIFT_STANDARD_LIBRARIES = YES;
				BUNDLE_LOADER = "$(TEST_HOST)";
				CODE_SIGN_STYLE = Automatic;
				INFOPLIST_FILE = BarBouncedTests/Info.plist;
				IPHONEOS_DEPLOYMENT_TARGET = 13.2;
				LD_RUNPATH_SEARCH_PATHS = (
					"$(inherited)",
					"@executable_path/Frameworks",
					"@loader_path/Frameworks",
				);
				PRODUCT_BUNDLE_IDENTIFIER = com.trashedGames.BarBouncedTests;
				PRODUCT_NAME = "$(TARGET_NAME)";
				SWIFT_VERSION = 5.0;
				TARGETED_DEVICE_FAMILY = "1,2";
				TEST_HOST = "$(BUILT_PRODUCTS_DIR)/BarBounced.app/BarBounced";
			};
			name = Release;
		};
		7ED0EB912429C63E00F8DDEE /* Debug */ = {
			isa = XCBuildConfiguration;
			buildSettings = {
				ALWAYS_EMBED_SWIFT_STANDARD_LIBRARIES = YES;
				CODE_SIGN_STYLE = Automatic;
				INFOPLIST_FILE = BarBouncedUITests/Info.plist;
				LD_RUNPATH_SEARCH_PATHS = (
					"$(inherited)",
					"@executable_path/Frameworks",
					"@loader_path/Frameworks",
				);
				PRODUCT_BUNDLE_IDENTIFIER = com.trashedGames.BarBouncedUITests;
				PRODUCT_NAME = "$(TARGET_NAME)";
				SWIFT_VERSION = 5.0;
				TARGETED_DEVICE_FAMILY = "1,2";
				TEST_TARGET_NAME = BarBounced;
			};
			name = Debug;
		};
		7ED0EB922429C63E00F8DDEE /* Release */ = {
			isa = XCBuildConfiguration;
			buildSettings = {
				ALWAYS_EMBED_SWIFT_STANDARD_LIBRARIES = YES;
				CODE_SIGN_STYLE = Automatic;
				INFOPLIST_FILE = BarBouncedUITests/Info.plist;
				LD_RUNPATH_SEARCH_PATHS = (
					"$(inherited)",
					"@executable_path/Frameworks",
					"@loader_path/Frameworks",
				);
				PRODUCT_BUNDLE_IDENTIFIER = com.trashedGames.BarBouncedUITests;
				PRODUCT_NAME = "$(TARGET_NAME)";
				SWIFT_VERSION = 5.0;
				TARGETED_DEVICE_FAMILY = "1,2";
				TEST_TARGET_NAME = BarBounced;
			};
			name = Release;
		};
/* End XCBuildConfiguration section */

/* Begin XCConfigurationList section */
		7ED0EB572429C63C00F8DDEE /* Build configuration list for PBXProject "BarBounced" */ = {
			isa = XCConfigurationList;
			buildConfigurations = (
				7ED0EB882429C63E00F8DDEE /* Debug */,
				7ED0EB892429C63E00F8DDEE /* Release */,
			);
			defaultConfigurationIsVisible = 0;
			defaultConfigurationName = Release;
		};
		7ED0EB8A2429C63E00F8DDEE /* Build configuration list for PBXNativeTarget "BarBounced" */ = {
			isa = XCConfigurationList;
			buildConfigurations = (
				7ED0EB8B2429C63E00F8DDEE /* Debug */,
				7ED0EB8C2429C63E00F8DDEE /* Release */,
			);
			defaultConfigurationIsVisible = 0;
			defaultConfigurationName = Release;
		};
		7ED0EB8D2429C63E00F8DDEE /* Build configuration list for PBXNativeTarget "BarBouncedTests" */ = {
			isa = XCConfigurationList;
			buildConfigurations = (
				7ED0EB8E2429C63E00F8DDEE /* Debug */,
				7ED0EB8F2429C63E00F8DDEE /* Release */,
			);
			defaultConfigurationIsVisible = 0;
			defaultConfigurationName = Release;
		};
		7ED0EB902429C63E00F8DDEE /* Build configuration list for PBXNativeTarget "BarBouncedUITests" */ = {
			isa = XCConfigurationList;
			buildConfigurations = (
				7ED0EB912429C63E00F8DDEE /* Debug */,
				7ED0EB922429C63E00F8DDEE /* Release */,
			);
			defaultConfigurationIsVisible = 0;
			defaultConfigurationName = Release;
		};
/* End XCConfigurationList section */
	};
	rootObject = 7ED0EB542429C63C00F8DDEE /* Project object */;
}
